
Microsoft Visual Studio Solution File, Format Version 12.00
# Visual Studio 14
VisualStudioVersion = 14.0.25420.1
MinimumVisualStudioVersion = 10.0.40219.1
Project("{FAE04EC0-301F-11D3-BF4B-00C04F79EFBC}") = "MyFilter", "MyFilter\MyFilter.csproj", "{761BAF77-6A10-451D-BA4B-73C89246B893}"
EndProject
Project("{FAE04EC0-301F-11D3-BF4B-00C04F79EFBC}") = "EFdb", "EF\EFdb.csproj", "{414DAF0D-779E-40EC-8523-5B7774849DE8}"
EndProject
Project("{FAE04EC0-301F-11D3-BF4B-00C04F79EFBC}") = "EFcode", "EFcode\EFcode.csproj", "{A059F809-C154-4A12-824A-93AACBA8E1B1}"
EndProject
Project("{FAE04EC0-301F-11D3-BF4B-00C04F79EFBC}") = "myconsole", "myconsole\myconsole.csproj", "{A4F70676-87EA-4EDC-9FF2-A155C4028645}"
EndProject
Project("{FAE04EC0-301F-11D3-BF4B-00C04F79EFBC}") = "KE", "KE\KE.csproj", "{537A2567-87B6-4B63-8D37-8C076B9ECC0D}"
EndProject
Project("{FAE04EC0-301F-11D3-BF4B-00C04F79EFBC}") = "mogodb", "mogodb\mogodb.csproj", "{AC70EE62-CF18-42D9-94C5-94975AFFA3AC}"
EndProject
Project("{FAE04EC0-301F-11D3-BF4B-00C04F79EFBC}") = "Redis", "Redis\Redis.csproj", "{AB1B3A1E-8098-4AAB-8D51-4B9D162604AD}"
EndProject
Project("{FAE04EC0-301F-11D3-BF4B-00C04F79EFBC}") = "Foundation", "Foundation\Foundation.csproj", "{4D7DAA17-2425-425E-90D8-88F084FA82FD}"
EndProject
Project("{FAE04EC0-301F-11D3-BF4B-00C04F79EFBC}") = "WebAPi", "WebAPi\WebAPi.csproj", "{990C34F0-51D0-40F0-8E73-C12BAA18C614}"
EndProject
Project("{FAE04EC0-301F-11D3-BF4B-00C04F79EFBC}") = "multithreadin", "multithreadin\multithreadin.csproj", "{2A794003-E263-4627-A584-58B71E4F2A05}"
EndProject
Project("{FAE04EC0-301F-11D3-BF4B-00C04F79EFBC}") = "FTPHelper", "FTPHelper\FTPHelper.csproj", "{C2715185-743B-4780-A980-683D999590C1}"
EndProject
Project("{FAE04EC0-301F-11D3-BF4B-00C04F79EFBC}") = "TestRequre", "TestRequre\TestRequre.csproj", "{7B609A5C-2D87-4384-A39B-3B3CBC900938}"
EndProject
Project("{FAE04EC0-301F-11D3-BF4B-00C04F79EFBC}") = "KO", "KO\KO.csproj", "{936DB301-2E09-40DC-BB5D-B1F9330E57BA}"
EndProject
Project("{FAE04EC0-301F-11D3-BF4B-00C04F79EFBC}") = "Angler", "Angler\Angler.csproj", "{A45DE5EE-2F11-4ECB-9EF6-3A0CB318C1AD}"
EndProject
Project("{FAE04EC0-301F-11D3-BF4B-00C04F79EFBC}") = "UploadBIg", "UploadBIg\UploadBIg.csproj", "{FAA4145C-CFCF-41E2-A46F-AC91809463C4}"
EndProject
Project("{FAE04EC0-301F-11D3-BF4B-00C04F79EFBC}") = "nhibernate", "nhibernate\nhibernate.csproj", "{BD2515E4-C58A-4D89-86CF-CA8B66C0F005}"
EndProject
Project("{FAE04EC0-301F-11D3-BF4B-00C04F79EFBC}") = "TFanXing", "TFanXing\TFanXing.csproj", "{D9973EE3-7A87-4030-81A8-4B96E13ADB01}"
EndProject
Project("{2150E333-8FDC-42A3-9474-1A3956D46DE8}") = "NewProject", "NewProject", "{6F17743F-BFAC-46B7-BEF8-0473724D0B8D}"
EndProject
Project("{FAE04EC0-301F-11D3-BF4B-00C04F79EFBC}") = "MyFound2", "MyFound2\MyFound2.csproj", "{51FCB08E-E58D-459D-9F41-0ACDFA5DECFB}"
EndProject
Project("{FAE04EC0-301F-11D3-BF4B-00C04F79EFBC}") = "mywcf", "mywcf\mywcf.csproj", "{1DE30D15-00E9-4B74-9086-1BF0F31E8F21}"
EndProject
Project("{FAE04EC0-301F-11D3-BF4B-00C04F79EFBC}") = "RDL", "RDL\RDL.csproj", "{CDCD8245-8898-4EFE-AFE2-59FF70D6A2EF}"
EndProject
Project("{FAE04EC0-301F-11D3-BF4B-00C04F79EFBC}") = "CodeFirst", "CodeFirst\CodeFirst.csproj", "{339B0033-7262-4C91-9B8A-528E57D1A66C}"
EndProject
Project("{2150E333-8FDC-42A3-9474-1A3956D46DE8}") = "NewFolder1", "NewFolder1", "{71CA4308-D2A8-4AF1-96C3-7BCA2FE8D452}"
EndProject
Project("{FAE04EC0-301F-11D3-BF4B-00C04F79EFBC}") = "TIOC", "TIOC\TIOC.csproj", "{A51A36E6-B00A-4844-8D52-C21BA22BC776}"
EndProject
Project("{FAE04EC0-301F-11D3-BF4B-00C04F79EFBC}") = "IOCDLL", "IOCDLL\IOCDLL.csproj", "{93C1D720-0A4B-4DB4-9E58-E9FB00A103B6}"
EndProject
Project("{FAE04EC0-301F-11D3-BF4B-00C04F79EFBC}") = "Myunity", "Myunity\Myunity.csproj", "{7A0BF1E5-126A-49D1-BF03-6CA4B9CA6000}"
EndProject
Project("{FAE04EC0-301F-11D3-BF4B-00C04F79EFBC}") = "spring", "spring\spring.csproj", "{EC993E86-8568-478C-B733-6F959834AC95}"
EndProject
Global
	GlobalSection(SolutionConfigurationPlatforms) = preSolution
		Debug|Any CPU = Debug|Any CPU
		Release|Any CPU = Release|Any CPU
	EndGlobalSection
	GlobalSection(ProjectConfigurationPlatforms) = postSolution
		{761BAF77-6A10-451D-BA4B-73C89246B893}.Debug|Any CPU.ActiveCfg = Debug|Any CPU
		{761BAF77-6A10-451D-BA4B-73C89246B893}.Debug|Any CPU.Build.0 = Debug|Any CPU
		{761BAF77-6A10-451D-BA4B-73C89246B893}.Release|Any CPU.ActiveCfg = Release|Any CPU
		{761BAF77-6A10-451D-BA4B-73C89246B893}.Release|Any CPU.Build.0 = Release|Any CPU
		{414DAF0D-779E-40EC-8523-5B7774849DE8}.Debug|Any CPU.ActiveCfg = Debug|Any CPU
		{414DAF0D-779E-40EC-8523-5B7774849DE8}.Debug|Any CPU.Build.0 = Debug|Any CPU
		{414DAF0D-779E-40EC-8523-5B7774849DE8}.Release|Any CPU.ActiveCfg = Release|Any CPU
		{414DAF0D-779E-40EC-8523-5B7774849DE8}.Release|Any CPU.Build.0 = Release|Any CPU
		{A059F809-C154-4A12-824A-93AACBA8E1B1}.Debug|Any CPU.ActiveCfg = Debug|Any CPU
		{A059F809-C154-4A12-824A-93AACBA8E1B1}.Debug|Any CPU.Build.0 = Debug|Any CPU
		{A059F809-C154-4A12-824A-93AACBA8E1B1}.Release|Any CPU.ActiveCfg = Release|Any CPU
		{A059F809-C154-4A12-824A-93AACBA8E1B1}.Release|Any CPU.Build.0 = Release|Any CPU
		{A4F70676-87EA-4EDC-9FF2-A155C4028645}.Debug|Any CPU.ActiveCfg = Debug|Any CPU
		{A4F70676-87EA-4EDC-9FF2-A155C4028645}.Debug|Any CPU.Build.0 = Debug|Any CPU
		{A4F70676-87EA-4EDC-9FF2-A155C4028645}.Release|Any CPU.ActiveCfg = Release|Any CPU
		{A4F70676-87EA-4EDC-9FF2-A155C4028645}.Release|Any CPU.Build.0 = Release|Any CPU
		{537A2567-87B6-4B63-8D37-8C076B9ECC0D}.Debug|Any CPU.ActiveCfg = Debug|Any CPU
		{537A2567-87B6-4B63-8D37-8C076B9ECC0D}.Debug|Any CPU.Build.0 = Debug|Any CPU
		{537A2567-87B6-4B63-8D37-8C076B9ECC0D}.Release|Any CPU.ActiveCfg = Release|Any CPU
		{537A2567-87B6-4B63-8D37-8C076B9ECC0D}.Release|Any CPU.Build.0 = Release|Any CPU
		{AC70EE62-CF18-42D9-94C5-94975AFFA3AC}.Debug|Any CPU.ActiveCfg = Debug|Any CPU
		{AC70EE62-CF18-42D9-94C5-94975AFFA3AC}.Debug|Any CPU.Build.0 = Debug|Any CPU
		{AC70EE62-CF18-42D9-94C5-94975AFFA3AC}.Release|Any CPU.ActiveCfg = Release|Any CPU
		{AC70EE62-CF18-42D9-94C5-94975AFFA3AC}.Release|Any CPU.Build.0 = Release|Any CPU
		{AB1B3A1E-8098-4AAB-8D51-4B9D162604AD}.Debug|Any CPU.ActiveCfg = Debug|Any CPU
		{AB1B3A1E-8098-4AAB-8D51-4B9D162604AD}.Debug|Any CPU.Build.0 = Debug|Any CPU
		{AB1B3A1E-8098-4AAB-8D51-4B9D162604AD}.Release|Any CPU.ActiveCfg = Release|Any CPU
		{AB1B3A1E-8098-4AAB-8D51-4B9D162604AD}.Release|Any CPU.Build.0 = Release|Any CPU
		{4D7DAA17-2425-425E-90D8-88F084FA82FD}.Debug|Any CPU.ActiveCfg = Debug|Any CPU
		{4D7DAA17-2425-425E-90D8-88F084FA82FD}.Debug|Any CPU.Build.0 = Debug|Any CPU
		{4D7DAA17-2425-425E-90D8-88F084FA82FD}.Release|Any CPU.ActiveCfg = Release|Any CPU
		{4D7DAA17-2425-425E-90D8-88F084FA82FD}.Release|Any CPU.Build.0 = Release|Any CPU
		{990C34F0-51D0-40F0-8E73-C12BAA18C614}.Debug|Any CPU.ActiveCfg = Debug|Any CPU
		{990C34F0-51D0-40F0-8E73-C12BAA18C614}.Debug|Any CPU.Build.0 = Debug|Any CPU
		{990C34F0-51D0-40F0-8E73-C12BAA18C614}.Release|Any CPU.ActiveCfg = Release|Any CPU
		{990C34F0-51D0-40F0-8E73-C12BAA18C614}.Release|Any CPU.Build.0 = Release|Any CPU
		{2A794003-E263-4627-A584-58B71E4F2A05}.Debug|Any CPU.ActiveCfg = Debug|Any CPU
		{2A794003-E263-4627-A584-58B71E4F2A05}.Debug|Any CPU.Build.0 = Debug|Any CPU
		{2A794003-E263-4627-A584-58B71E4F2A05}.Release|Any CPU.ActiveCfg = Release|Any CPU
		{2A794003-E263-4627-A584-58B71E4F2A05}.Release|Any CPU.Build.0 = Release|Any CPU
		{C2715185-743B-4780-A980-683D999590C1}.Debug|Any CPU.ActiveCfg = Debug|Any CPU
		{C2715185-743B-4780-A980-683D999590C1}.Debug|Any CPU.Build.0 = Debug|Any CPU
		{C2715185-743B-4780-A980-683D999590C1}.Release|Any CPU.ActiveCfg = Release|Any CPU
		{C2715185-743B-4780-A980-683D999590C1}.Release|Any CPU.Build.0 = Release|Any CPU
		{7B609A5C-2D87-4384-A39B-3B3CBC900938}.Debug|Any CPU.ActiveCfg = Debug|Any CPU
		{7B609A5C-2D87-4384-A39B-3B3CBC900938}.Debug|Any CPU.Build.0 = Debug|Any CPU
		{7B609A5C-2D87-4384-A39B-3B3CBC900938}.Release|Any CPU.ActiveCfg = Release|Any CPU
		{7B609A5C-2D87-4384-A39B-3B3CBC900938}.Release|Any CPU.Build.0 = Release|Any CPU
		{936DB301-2E09-40DC-BB5D-B1F9330E57BA}.Debug|Any CPU.ActiveCfg = Debug|Any CPU
		{936DB301-2E09-40DC-BB5D-B1F9330E57BA}.Debug|Any CPU.Build.0 = Debug|Any CPU
		{936DB301-2E09-40DC-BB5D-B1F9330E57BA}.Release|Any CPU.ActiveCfg = Release|Any CPU
		{936DB301-2E09-40DC-BB5D-B1F9330E57BA}.Release|Any CPU.Build.0 = Release|Any CPU
		{A45DE5EE-2F11-4ECB-9EF6-3A0CB318C1AD}.Debug|Any CPU.ActiveCfg = Debug|Any CPU
		{A45DE5EE-2F11-4ECB-9EF6-3A0CB318C1AD}.Debug|Any CPU.Build.0 = Debug|Any CPU
		{A45DE5EE-2F11-4ECB-9EF6-3A0CB318C1AD}.Release|Any CPU.ActiveCfg = Release|Any CPU
		{A45DE5EE-2F11-4ECB-9EF6-3A0CB318C1AD}.Release|Any CPU.Build.0 = Release|Any CPU
		{FAA4145C-CFCF-41E2-A46F-AC91809463C4}.Debug|Any CPU.ActiveCfg = Debug|Any CPU
		{FAA4145C-CFCF-41E2-A46F-AC91809463C4}.Debug|Any CPU.Build.0 = Debug|Any CPU
		{FAA4145C-CFCF-41E2-A46F-AC91809463C4}.Release|Any CPU.ActiveCfg = Release|Any CPU
		{FAA4145C-CFCF-41E2-A46F-AC91809463C4}.Release|Any CPU.Build.0 = Release|Any CPU
		{BD2515E4-C58A-4D89-86CF-CA8B66C0F005}.Debug|Any CPU.ActiveCfg = Debug|Any CPU
		{BD2515E4-C58A-4D89-86CF-CA8B66C0F005}.Debug|Any CPU.Build.0 = Debug|Any CPU
		{BD2515E4-C58A-4D89-86CF-CA8B66C0F005}.Release|Any CPU.ActiveCfg = Release|Any CPU
		{BD2515E4-C58A-4D89-86CF-CA8B66C0F005}.Release|Any CPU.Build.0 = Release|Any CPU
		{D9973EE3-7A87-4030-81A8-4B96E13ADB01}.Debug|Any CPU.ActiveCfg = Debug|Any CPU
		{D9973EE3-7A87-4030-81A8-4B96E13ADB01}.Debug|Any CPU.Build.0 = Debug|Any CPU
		{D9973EE3-7A87-4030-81A8-4B96E13ADB01}.Release|Any CPU.ActiveCfg = Release|Any CPU
		{D9973EE3-7A87-4030-81A8-4B96E13ADB01}.Release|Any CPU.Build.0 = Release|Any CPU
		{51FCB08E-E58D-459D-9F41-0ACDFA5DECFB}.Debug|Any CPU.ActiveCfg = Debug|Any CPU
		{51FCB08E-E58D-459D-9F41-0ACDFA5DECFB}.Debug|Any CPU.Build.0 = Debug|Any CPU
		{51FCB08E-E58D-459D-9F41-0ACDFA5DECFB}.Release|Any CPU.ActiveCfg = Release|Any CPU
		{51FCB08E-E58D-459D-9F41-0ACDFA5DECFB}.Release|Any CPU.Build.0 = Release|Any CPU
		{1DE30D15-00E9-4B74-9086-1BF0F31E8F21}.Debug|Any CPU.ActiveCfg = Debug|Any CPU
		{1DE30D15-00E9-4B74-9086-1BF0F31E8F21}.Debug|Any CPU.Build.0 = Debug|Any CPU
		{1DE30D15-00E9-4B74-9086-1BF0F31E8F21}.Release|Any CPU.ActiveCfg = Release|Any CPU
		{1DE30D15-00E9-4B74-9086-1BF0F31E8F21}.Release|Any CPU.Build.0 = Release|Any CPU
		{CDCD8245-8898-4EFE-AFE2-59FF70D6A2EF}.Debug|Any CPU.ActiveCfg = Debug|Any CPU
		{CDCD8245-8898-4EFE-AFE2-59FF70D6A2EF}.Debug|Any CPU.Build.0 = Debug|Any CPU
		{CDCD8245-8898-4EFE-AFE2-59FF70D6A2EF}.Release|Any CPU.ActiveCfg = Release|Any CPU
		{CDCD8245-8898-4EFE-AFE2-59FF70D6A2EF}.Release|Any CPU.Build.0 = Release|Any CPU
		{339B0033-7262-4C91-9B8A-528E57D1A66C}.Debug|Any CPU.ActiveCfg = Debug|Any CPU
		{339B0033-7262-4C91-9B8A-528E57D1A66C}.Debug|Any CPU.Build.0 = Debug|Any CPU
		{339B0033-7262-4C91-9B8A-528E57D1A66C}.Release|Any CPU.ActiveCfg = Release|Any CPU
		{339B0033-7262-4C91-9B8A-528E57D1A66C}.Release|Any CPU.Build.0 = Release|Any CPU
		{A51A36E6-B00A-4844-8D52-C21BA22BC776}.Debug|Any CPU.ActiveCfg = Debug|Any CPU
		{A51A36E6-B00A-4844-8D52-C21BA22BC776}.Debug|Any CPU.Build.0 = Debug|Any CPU
		{A51A36E6-B00A-4844-8D52-C21BA22BC776}.Release|Any CPU.ActiveCfg = Release|Any CPU
		{A51A36E6-B00A-4844-8D52-C21BA22BC776}.Release|Any CPU.Build.0 = Release|Any CPU
		{93C1D720-0A4B-4DB4-9E58-E9FB00A103B6}.Debug|Any CPU.ActiveCfg = Debug|Any CPU
		{93C1D720-0A4B-4DB4-9E58-E9FB00A103B6}.Debug|Any CPU.Build.0 = Debug|Any CPU
		{93C1D720-0A4B-4DB4-9E58-E9FB00A103B6}.Release|Any CPU.ActiveCfg = Release|Any CPU
		{93C1D720-0A4B-4DB4-9E58-E9FB00A103B6}.Release|Any CPU.Build.0 = Release|Any CPU
		{7A0BF1E5-126A-49D1-BF03-6CA4B9CA6000}.Debug|Any CPU.ActiveCfg = Debug|Any CPU
		{7A0BF1E5-126A-49D1-BF03-6CA4B9CA6000}.Debug|Any CPU.Build.0 = Debug|Any CPU
		{7A0BF1E5-126A-49D1-BF03-6CA4B9CA6000}.Release|Any CPU.ActiveCfg = Release|Any CPU
		{7A0BF1E5-126A-49D1-BF03-6CA4B9CA6000}.Release|Any CPU.Build.0 = Release|Any CPU
		{EC993E86-8568-478C-B733-6F959834AC95}.Debug|Any CPU.ActiveCfg = Debug|Any CPU
		{EC993E86-8568-478C-B733-6F959834AC95}.Debug|Any CPU.Build.0 = Debug|Any CPU
		{EC993E86-8568-478C-B733-6F959834AC95}.Release|Any CPU.ActiveCfg = Release|Any CPU
		{EC993E86-8568-478C-B733-6F959834AC95}.Release|Any CPU.Build.0 = Release|Any CPU
	EndGlobalSection
	GlobalSection(SolutionProperties) = preSolution
		HideSolutionNode = FALSE
	EndGlobalSection
	GlobalSection(NestedProjects) = preSolution
		{51FCB08E-E58D-459D-9F41-0ACDFA5DECFB} = {6F17743F-BFAC-46B7-BEF8-0473724D0B8D}
		{1DE30D15-00E9-4B74-9086-1BF0F31E8F21} = {6F17743F-BFAC-46B7-BEF8-0473724D0B8D}
		{CDCD8245-8898-4EFE-AFE2-59FF70D6A2EF} = {6F17743F-BFAC-46B7-BEF8-0473724D0B8D}
		{339B0033-7262-4C91-9B8A-528E57D1A66C} = {6F17743F-BFAC-46B7-BEF8-0473724D0B8D}
		{A51A36E6-B00A-4844-8D52-C21BA22BC776} = {71CA4308-D2A8-4AF1-96C3-7BCA2FE8D452}
		{93C1D720-0A4B-4DB4-9E58-E9FB00A103B6} = {71CA4308-D2A8-4AF1-96C3-7BCA2FE8D452}
		{7A0BF1E5-126A-49D1-BF03-6CA4B9CA6000} = {71CA4308-D2A8-4AF1-96C3-7BCA2FE8D452}
		{EC993E86-8568-478C-B733-6F959834AC95} = {71CA4308-D2A8-4AF1-96C3-7BCA2FE8D452}
	EndGlobalSection
	GlobalSection(ExtensibilityGlobals) = postSolution
		EnterpriseLibraryConfigurationToolBinariesPathV6 = packages\EnterpriseLibrary.Common.6.0.1304.0\lib\NET45;packages\EnterpriseLibrary.Data.6.0.1304.0\lib\NET45
	EndGlobalSection
EndGlobal
