
Microsoft Visual Studio Solution File, Format Version 12.00
# Visual Studio 14
VisualStudioVersion = 14.0.25123.0
MinimumVisualStudioVersion = 10.0.40219.1
Project("{FAE04EC0-301F-11D3-BF4B-00C04F79EFBC}") = "MyFilter", "MyFilter\MyFilter.csproj", "{761BAF77-6A10-451D-BA4B-73C89246B893}"
EndProject
Project("{FAE04EC0-301F-11D3-BF4B-00C04F79EFBC}") = "EFdb", "EF\EFdb.csproj", "{414DAF0D-779E-40EC-8523-5B7774849DE8}"
EndProject
Project("{FAE04EC0-301F-11D3-BF4B-00C04F79EFBC}") = "EFcode", "EFcode\EFcode.csproj", "{A059F809-C154-4A12-824A-93AACBA8E1B1}"
EndProject
Project("{FAE04EC0-301F-11D3-BF4B-00C04F79EFBC}") = "myconsole", "myconsole\myconsole.csproj", "{A4F70676-87EA-4EDC-9FF2-A155C4028645}"
EndProject
Project("{FAE04EC0-301F-11D3-BF4B-00C04F79EFBC}") = "KE", "KE\KE.csproj", "{537A2567-87B6-4B63-8D37-8C076B9ECC0D}"
EndProject
Project("{FAE04EC0-301F-11D3-BF4B-00C04F79EFBC}") = "mogodb", "mogodb\mogodb.csproj", "{AC70EE62-CF18-42D9-94C5-94975AFFA3AC}"
EndProject
Project("{FAE04EC0-301F-11D3-BF4B-00C04F79EFBC}") = "Redis", "Redis\Redis.csproj", "{AB1B3A1E-8098-4AAB-8D51-4B9D162604AD}"
EndProject
Project("{FAE04EC0-301F-11D3-BF4B-00C04F79EFBC}") = "Foundation", "Foundation\Foundation.csproj", "{4D7DAA17-2425-425E-90D8-88F084FA82FD}"
EndProject
Project("{FAE04EC0-301F-11D3-BF4B-00C04F79EFBC}") = "WebAPi", "WebAPi\WebAPi.csproj", "{990C34F0-51D0-40F0-8E73-C12BAA18C614}"
EndProject
Project("{FAE04EC0-301F-11D3-BF4B-00C04F79EFBC}") = "multithreadin", "multithreadin\multithreadin.csproj", "{2A794003-E263-4627-A584-58B71E4F2A05}"
EndProject
Project("{FAE04EC0-301F-11D3-BF4B-00C04F79EFBC}") = "FTPHelper", "FTPHelper\FTPHelper.csproj", "{C2715185-743B-4780-A980-683D999590C1}"
EndProject
Project("{FAE04EC0-301F-11D3-BF4B-00C04F79EFBC}") = "TestRequre", "TestRequre\TestRequre.csproj", "{7B609A5C-2D87-4384-A39B-3B3CBC900938}"
EndProject
Project("{FAE04EC0-301F-11D3-BF4B-00C04F79EFBC}") = "KO", "KO\KO.csproj", "{936DB301-2E09-40DC-BB5D-B1F9330E57BA}"
EndProject
Project("{FAE04EC0-301F-11D3-BF4B-00C04F79EFBC}") = "Angler", "Angler\Angler.csproj", "{A45DE5EE-2F11-4ECB-9EF6-3A0CB318C1AD}"
EndProject
Global
	GlobalSection(SolutionConfigurationPlatforms) = preSolution
		Debug|Any CPU = Debug|Any CPU
		Release|Any CPU = Release|Any CPU
	EndGlobalSection
	GlobalSection(ProjectConfigurationPlatforms) = postSolution
		{761BAF77-6A10-451D-BA4B-73C89246B893}.Debug|Any CPU.ActiveCfg = Debug|Any CPU
		{761BAF77-6A10-451D-BA4B-73C89246B893}.Debug|Any CPU.Build.0 = Debug|Any CPU
		{761BAF77-6A10-451D-BA4B-73C89246B893}.Release|Any CPU.ActiveCfg = Release|Any CPU
		{761BAF77-6A10-451D-BA4B-73C89246B893}.Release|Any CPU.Build.0 = Release|Any CPU
		{414DAF0D-779E-40EC-8523-5B7774849DE8}.Debug|Any CPU.ActiveCfg = Debug|Any CPU
		{414DAF0D-779E-40EC-8523-5B7774849DE8}.Debug|Any CPU.Build.0 = Debug|Any CPU
		{414DAF0D-779E-40EC-8523-5B7774849DE8}.Release|Any CPU.ActiveCfg = Release|Any CPU
		{414DAF0D-779E-40EC-8523-5B7774849DE8}.Release|Any CPU.Build.0 = Release|Any CPU
		{A059F809-C154-4A12-824A-93AACBA8E1B1}.Debug|Any CPU.ActiveCfg = Debug|Any CPU
		{A059F809-C154-4A12-824A-93AACBA8E1B1}.Debug|Any CPU.Build.0 = Debug|Any CPU
		{A059F809-C154-4A12-824A-93AACBA8E1B1}.Release|Any CPU.ActiveCfg = Release|Any CPU
		{A059F809-C154-4A12-824A-93AACBA8E1B1}.Release|Any CPU.Build.0 = Release|Any CPU
		{A4F70676-87EA-4EDC-9FF2-A155C4028645}.Debug|Any CPU.ActiveCfg = Debug|Any CPU
		{A4F70676-87EA-4EDC-9FF2-A155C4028645}.Debug|Any CPU.Build.0 = Debug|Any CPU
		{A4F70676-87EA-4EDC-9FF2-A155C4028645}.Release|Any CPU.ActiveCfg = Release|Any CPU
		{A4F70676-87EA-4EDC-9FF2-A155C4028645}.Release|Any CPU.Build.0 = Release|Any CPU
		{537A2567-87B6-4B63-8D37-8C076B9ECC0D}.Debug|Any CPU.ActiveCfg = Debug|Any CPU
		{537A2567-87B6-4B63-8D37-8C076B9ECC0D}.Debug|Any CPU.Build.0 = Debug|Any CPU
		{537A2567-87B6-4B63-8D37-8C076B9ECC0D}.Release|Any CPU.ActiveCfg = Release|Any CPU
		{537A2567-87B6-4B63-8D37-8C076B9ECC0D}.Release|Any CPU.Build.0 = Release|Any CPU
		{AC70EE62-CF18-42D9-94C5-94975AFFA3AC}.Debug|Any CPU.ActiveCfg = Debug|Any CPU
		{AC70EE62-CF18-42D9-94C5-94975AFFA3AC}.Debug|Any CPU.Build.0 = Debug|Any CPU
		{AC70EE62-CF18-42D9-94C5-94975AFFA3AC}.Release|Any CPU.ActiveCfg = Release|Any CPU
		{AC70EE62-CF18-42D9-94C5-94975AFFA3AC}.Release|Any CPU.Build.0 = Release|Any CPU
		{AB1B3A1E-8098-4AAB-8D51-4B9D162604AD}.Debug|Any CPU.ActiveCfg = Debug|Any CPU
		{AB1B3A1E-8098-4AAB-8D51-4B9D162604AD}.Debug|Any CPU.Build.0 = Debug|Any CPU
		{AB1B3A1E-8098-4AAB-8D51-4B9D162604AD}.Release|Any CPU.ActiveCfg = Release|Any CPU
		{AB1B3A1E-8098-4AAB-8D51-4B9D162604AD}.Release|Any CPU.Build.0 = Release|Any CPU
		{4D7DAA17-2425-425E-90D8-88F084FA82FD}.Debug|Any CPU.ActiveCfg = Debug|Any CPU
		{4D7DAA17-2425-425E-90D8-88F084FA82FD}.Debug|Any CPU.Build.0 = Debug|Any CPU
		{4D7DAA17-2425-425E-90D8-88F084FA82FD}.Release|Any CPU.ActiveCfg = Release|Any CPU
		{4D7DAA17-2425-425E-90D8-88F084FA82FD}.Release|Any CPU.Build.0 = Release|Any CPU
		{990C34F0-51D0-40F0-8E73-C12BAA18C614}.Debug|Any CPU.ActiveCfg = Debug|Any CPU
		{990C34F0-51D0-40F0-8E73-C12BAA18C614}.Debug|Any CPU.Build.0 = Debug|Any CPU
		{990C34F0-51D0-40F0-8E73-C12BAA18C614}.Release|Any CPU.ActiveCfg = Release|Any CPU
		{990C34F0-51D0-40F0-8E73-C12BAA18C614}.Release|Any CPU.Build.0 = Release|Any CPU
		{2A794003-E263-4627-A584-58B71E4F2A05}.Debug|Any CPU.ActiveCfg = Debug|Any CPU
		{2A794003-E263-4627-A584-58B71E4F2A05}.Debug|Any CPU.Build.0 = Debug|Any CPU
		{2A794003-E263-4627-A584-58B71E4F2A05}.Release|Any CPU.ActiveCfg = Release|Any CPU
		{2A794003-E263-4627-A584-58B71E4F2A05}.Release|Any CPU.Build.0 = Release|Any CPU
		{C2715185-743B-4780-A980-683D999590C1}.Debug|Any CPU.ActiveCfg = Debug|Any CPU
		{C2715185-743B-4780-A980-683D999590C1}.Debug|Any CPU.Build.0 = Debug|Any CPU
		{C2715185-743B-4780-A980-683D999590C1}.Release|Any CPU.ActiveCfg = Release|Any CPU
		{C2715185-743B-4780-A980-683D999590C1}.Release|Any CPU.Build.0 = Release|Any CPU
		{7B609A5C-2D87-4384-A39B-3B3CBC900938}.Debug|Any CPU.ActiveCfg = Debug|Any CPU
		{7B609A5C-2D87-4384-A39B-3B3CBC900938}.Debug|Any CPU.Build.0 = Debug|Any CPU
		{7B609A5C-2D87-4384-A39B-3B3CBC900938}.Release|Any CPU.ActiveCfg = Release|Any CPU
		{7B609A5C-2D87-4384-A39B-3B3CBC900938}.Release|Any CPU.Build.0 = Release|Any CPU
		{936DB301-2E09-40DC-BB5D-B1F9330E57BA}.Debug|Any CPU.ActiveCfg = Debug|Any CPU
		{936DB301-2E09-40DC-BB5D-B1F9330E57BA}.Debug|Any CPU.Build.0 = Debug|Any CPU
		{936DB301-2E09-40DC-BB5D-B1F9330E57BA}.Release|Any CPU.ActiveCfg = Release|Any CPU
		{936DB301-2E09-40DC-BB5D-B1F9330E57BA}.Release|Any CPU.Build.0 = Release|Any CPU
		{A45DE5EE-2F11-4ECB-9EF6-3A0CB318C1AD}.Debug|Any CPU.ActiveCfg = Debug|Any CPU
		{A45DE5EE-2F11-4ECB-9EF6-3A0CB318C1AD}.Debug|Any CPU.Build.0 = Debug|Any CPU
		{A45DE5EE-2F11-4ECB-9EF6-3A0CB318C1AD}.Release|Any CPU.ActiveCfg = Release|Any CPU
		{A45DE5EE-2F11-4ECB-9EF6-3A0CB318C1AD}.Release|Any CPU.Build.0 = Release|Any CPU
	EndGlobalSection
	GlobalSection(SolutionProperties) = preSolution
		HideSolutionNode = FALSE
	EndGlobalSection
EndGlobal
